schema: '2.0'
stages:
  data_ingestion:
    cmd: python src/data/data_ingestion.py
    deps:
    - path: src/data/data_ingestion.py
      hash: md5
      md5: cd3d6e78bad1cd25864ed8fd441d762e
      size: 3306
    params:
      params.yaml:
        data_ingestion.test_size: 0.2
    outs:
    - path: data/raw
      hash: md5
      md5: 69f03b215ca67734087c089ae0bebad0.dir
      size: 648741
      nfiles: 2
  data_preprocessing:
    cmd: python src/data/data_preprocessing.py
    deps:
    - path: data/raw
      hash: md5
      md5: 69f03b215ca67734087c089ae0bebad0.dir
      size: 648741
      nfiles: 2
    - path: src/data/data_preprocessing.py
      hash: md5
      md5: c86fdf71eb55cab5c4fbf6882d18091b
      size: 2826
    outs:
    - path: data/interim
      hash: md5
      md5: 588af9be3e24779f3022a5015c45c294.dir
      size: 400767
      nfiles: 2
  feature_engineering:
    cmd: python src/features/feature_engineering.py
    deps:
    - path: data/interim
      hash: md5
      md5: 588af9be3e24779f3022a5015c45c294.dir
      size: 400767
      nfiles: 2
    - path: src/features/feature_engineering.py
      hash: md5
      md5: c1e9ac62f2a96b3be93c1afc49eaf5ee
      size: 3350
    params:
      params.yaml:
        feature_engineering.max_features: 20
    outs:
    - path: data/processed
      hash: md5
      md5: 2dbe80b337086bedfab98340a73c0a66.dir
      size: 21200
      nfiles: 2
    - path: models/vectorizer.pkl
      hash: md5
      md5: 64acb888e3c4f980e7480c26cba500bf
      size: 1067
  model_building:
    cmd: python src/model/model_building.py
    deps:
    - path: data/processed
      hash: md5
      md5: 2dbe80b337086bedfab98340a73c0a66.dir
      size: 21200
      nfiles: 2
    - path: src/model/model_building.py
      hash: md5
      md5: 5ca523fc25614845c54ba109bc6ac2d8
      size: 1802
    outs:
    - path: models/model.pkl
      hash: md5
      md5: 588461aec62e3b93e15392959878d9ba
      size: 871
  model_evaluation:
    cmd: python src/model/model_evaluation.py
    deps:
    - path: models/model.pkl
      hash: md5
      md5: 588461aec62e3b93e15392959878d9ba
      size: 871
    - path: src/model/model_evaluation.py
      hash: md5
      md5: 35e8e1cfffe76c2abb05ca31970e73a7
      size: 5672
    outs:
    - path: reports/experiment_info.json
      hash: md5
      md5: a4e5843f559580ba7348dd4a95e28dd2
      size: 79
    - path: reports/metrics.json
      hash: md5
      md5: c43f7b6a97b0482cd83114213c4a20d4
      size: 127
  model_registration:
    cmd: python src/model/register_model.py
    deps:
    - path: reports/experiment_info.json
      hash: md5
      md5: a4e5843f559580ba7348dd4a95e28dd2
      size: 79
    - path: src/model/register_model.py
      hash: md5
      md5: 340a6ecf2687f7a4c3ecf087ea846940
      size: 3442
